
Microsoft Visual Studio Solution File, Format Version 12.00
# Visual Studio Version 17
VisualStudioVersion = 17.7.34221.43
MinimumVisualStudioVersion = 10.0.40219.1
Project("{FAE04EC0-301F-11D3-BF4B-00C04F79EFBC}") = "PBOApp", "PBOApp\PBOApp.csproj", "{2586785A-D05C-4B31-AAE8-662D117C58C1}"
EndProject
Project("{FAE04EC0-301F-11D3-BF4B-00C04F79EFBC}") = "BMIChecking", "BMIChecking\BMIChecking.csproj", "{B585908B-1FB0-4265-B64D-621EEE4C25E6}"
EndProject
Global
	GlobalSection(SolutionConfigurationPlatforms) = preSolution
		Debug|Any CPU = Debug|Any CPU
		Release|Any CPU = Release|Any CPU
	EndGlobalSection
	GlobalSection(ProjectConfigurationPlatforms) = postSolution
		{2586785A-D05C-4B31-AAE8-662D117C58C1}.Debug|Any CPU.ActiveCfg = Debug|Any CPU
		{2586785A-D05C-4B31-AAE8-662D117C58C1}.Debug|Any CPU.Build.0 = Debug|Any CPU
		{2586785A-D05C-4B31-AAE8-662D117C58C1}.Release|Any CPU.ActiveCfg = Release|Any CPU
		{2586785A-D05C-4B31-AAE8-662D117C58C1}.Release|Any CPU.Build.0 = Release|Any CPU
		{B585908B-1FB0-4265-B64D-621EEE4C25E6}.Debug|Any CPU.ActiveCfg = Debug|Any CPU
		{B585908B-1FB0-4265-B64D-621EEE4C25E6}.Debug|Any CPU.Build.0 = Debug|Any CPU
		{B585908B-1FB0-4265-B64D-621EEE4C25E6}.Release|Any CPU.ActiveCfg = Release|Any CPU
		{B585908B-1FB0-4265-B64D-621EEE4C25E6}.Release|Any CPU.Build.0 = Release|Any CPU
	EndGlobalSection
	GlobalSection(SolutionProperties) = preSolution
		HideSolutionNode = FALSE
	EndGlobalSection
	GlobalSection(ExtensibilityGlobals) = postSolution
		SolutionGuid = {EF1F5253-E7D0-499A-80F2-FDC1051A56A2}
	EndGlobalSection
EndGlobal
